
Microsoft Visual Studio Solution File, Format Version 11.00
# Visual Studio 2010
Project("{2150E333-8FDC-42A3-9474-1A3956D46DE8}") = "Build", "Build", "{8FA54973-7055-4E53-9BE2-9326DB062BEE}"
EndProject
Project("{2150E333-8FDC-42A3-9474-1A3956D46DE8}") = "Dll", "Dll", "{2939F058-FEE3-4142-BF45-8672DCFD4C11}"
EndProject
Project("{FAE04EC0-301F-11D3-BF4B-00C04F79EFBC}") = "Jhu.Graywulf.ParserLib", "graywulf\dll\Jhu.Graywulf.ParserLib\Jhu.Graywulf.ParserLib.csproj", "{4039B7D0-F8E5-49D8-A770-133DBED2EA75}"
EndProject
Project("{FAE04EC0-301F-11D3-BF4B-00C04F79EFBC}") = "Jhu.Graywulf.SqlParser.Generator", "graywulf\build\Jhu.Graywulf.SqlParser.Generator\Jhu.Graywulf.SqlParser.Generator.csproj", "{77BE21A2-3AF7-478A-8279-3C741BF3BD59}"
EndProject
Project("{2150E333-8FDC-42A3-9474-1A3956D46DE8}") = "Graywulf", "Graywulf", "{2C0C403F-4604-4DA8-8A2E-C593288D5D57}"
EndProject
Project("{FAE04EC0-301F-11D3-BF4B-00C04F79EFBC}") = "Jhu.Graywulf.Components", "graywulf\dll\Jhu.Graywulf.Components\Jhu.Graywulf.Components.csproj", "{ABB4C403-720A-47E1-9485-CFAADD696656}"
EndProject
Project("{FAE04EC0-301F-11D3-BF4B-00C04F79EFBC}") = "Jhu.Graywulf.IO", "graywulf\dll\Jhu.Graywulf.IO\Jhu.Graywulf.IO.csproj", "{6797ED88-1D8C-491B-A036-4C42C4BF2EAF}"
EndProject
Project("{FAE04EC0-301F-11D3-BF4B-00C04F79EFBC}") = "Jhu.Graywulf.Logging", "graywulf\dll\Jhu.Graywulf.Logging\Jhu.Graywulf.Logging.csproj", "{FD98FB58-A3E5-4D32-B6D6-3E20609C4D09}"
EndProject
Project("{FAE04EC0-301F-11D3-BF4B-00C04F79EFBC}") = "Jhu.Graywulf.RemoteService", "graywulf\dll\Jhu.Graywulf.RemoteService\Jhu.Graywulf.RemoteService.csproj", "{5460DB30-CFD9-4EDB-A1E8-161A7CC505C5}"
EndProject
Project("{2150E333-8FDC-42A3-9474-1A3956D46DE8}") = "SkyQuery", "SkyQuery", "{D3BA5B7E-66A6-4881-8BE5-50909394F85D}"
EndProject
Project("{2150E333-8FDC-42A3-9474-1A3956D46DE8}") = "Dll", "Dll", "{66A6B425-4D46-4BF6-A6A2-E71D7E5B0502}"
EndProject
Project("{2150E333-8FDC-42A3-9474-1A3956D46DE8}") = "SharpFitsIO", "SharpFitsIO", "{A868B388-B6B5-4678-9D5B-C479C0D7444F}"
EndProject
Project("{FAE04EC0-301F-11D3-BF4B-00C04F79EFBC}") = "Jhu.SharpFitsIO", "sharpfitsio\src\Jhu.SharpFitsIO\Jhu.SharpFitsIO.csproj", "{D9E54B0E-9E09-4E53-95FD-4161F9D61914}"
EndProject
Project("{FAE04EC0-301F-11D3-BF4B-00C04F79EFBC}") = "Jhu.SharpFitsIO.Test", "sharpfitsio\test\Jhu.SharpFitsIO.Test\Jhu.SharpFitsIO.Test.csproj", "{68566FE0-6428-4FEF-B6EE-CC56B1FFA82A}"
EndProject
Project("{2150E333-8FDC-42A3-9474-1A3956D46DE8}") = "Dll", "Dll", "{0F7A3033-0385-493B-8DDD-CD70DF048987}"
EndProject
Project("{2150E333-8FDC-42A3-9474-1A3956D46DE8}") = "Test", "Test", "{3FB297F7-C4DD-4458-8550-6AA123E14315}"
EndProject
Project("{FAE04EC0-301F-11D3-BF4B-00C04F79EFBC}") = "Jhu.Graywulf.Sql", "graywulf\dll\Jhu.Graywulf.Sql\Jhu.Graywulf.Sql.csproj", "{AADA04EE-F578-4628-8AE0-D423BB94C738}"
EndProject
Project("{FAE04EC0-301F-11D3-BF4B-00C04F79EFBC}") = "Jhu.SkyQuery.IO", "skyquery\dll\Jhu.SkyQuery.IO\Jhu.SkyQuery.IO.csproj", "{E7744E98-575F-4183-B3B9-9B491C053C18}"
EndProject
Project("{2150E333-8FDC-42A3-9474-1A3956D46DE8}") = ".nuget", ".nuget", "{6FF5C16B-5990-4F83-86E5-602D78A3D4C7}"
	ProjectSection(SolutionItems) = preProject
		.nuget\NuGet.Config = .nuget\NuGet.Config
		.nuget\NuGet.exe = .nuget\NuGet.exe
		.nuget\NuGet.targets = .nuget\NuGet.targets
	EndProjectSection
EndProject
Project("{2150E333-8FDC-42A3-9474-1A3956D46DE8}") = "Samples", "Samples", "{012FDE1C-D75E-4FBA-9CA7-9D797561CF6B}"
EndProject
Project("{FAE04EC0-301F-11D3-BF4B-00C04F79EFBC}") = "Jhu.SkyQuery.IO.Samples", "samples\Jhu.SkyQuery.IO.Samples\Jhu.SkyQuery.IO.Samples.csproj", "{230E9AC1-5F46-415F-BA1E-B21B502C96E4}"
EndProject
Global
	GlobalSection(SolutionConfigurationPlatforms) = preSolution
		Debug|Any CPU = Debug|Any CPU
		Debug|Mixed Platforms = Debug|Mixed Platforms
		Debug|x86 = Debug|x86
		Release|Any CPU = Release|Any CPU
		Release|Mixed Platforms = Release|Mixed Platforms
		Release|x86 = Release|x86
	EndGlobalSection
	GlobalSection(ProjectConfigurationPlatforms) = postSolution
		{4039B7D0-F8E5-49D8-A770-133DBED2EA75}.Debug|Any CPU.ActiveCfg = Debug|Any CPU
		{4039B7D0-F8E5-49D8-A770-133DBED2EA75}.Debug|Any CPU.Build.0 = Debug|Any CPU
		{4039B7D0-F8E5-49D8-A770-133DBED2EA75}.Debug|Mixed Platforms.ActiveCfg = Debug|Any CPU
		{4039B7D0-F8E5-49D8-A770-133DBED2EA75}.Debug|Mixed Platforms.Build.0 = Debug|Any CPU
		{4039B7D0-F8E5-49D8-A770-133DBED2EA75}.Debug|x86.ActiveCfg = Debug|x86
		{4039B7D0-F8E5-49D8-A770-133DBED2EA75}.Debug|x86.Build.0 = Debug|x86
		{4039B7D0-F8E5-49D8-A770-133DBED2EA75}.Release|Any CPU.ActiveCfg = Release|Any CPU
		{4039B7D0-F8E5-49D8-A770-133DBED2EA75}.Release|Any CPU.Build.0 = Release|Any CPU
		{4039B7D0-F8E5-49D8-A770-133DBED2EA75}.Release|Mixed Platforms.ActiveCfg = Release|Any CPU
		{4039B7D0-F8E5-49D8-A770-133DBED2EA75}.Release|Mixed Platforms.Build.0 = Release|Any CPU
		{4039B7D0-F8E5-49D8-A770-133DBED2EA75}.Release|x86.ActiveCfg = Release|x86
		{4039B7D0-F8E5-49D8-A770-133DBED2EA75}.Release|x86.Build.0 = Release|x86
		{77BE21A2-3AF7-478A-8279-3C741BF3BD59}.Debug|Any CPU.ActiveCfg = Debug|Any CPU
		{77BE21A2-3AF7-478A-8279-3C741BF3BD59}.Debug|Any CPU.Build.0 = Debug|Any CPU
		{77BE21A2-3AF7-478A-8279-3C741BF3BD59}.Debug|Mixed Platforms.ActiveCfg = Debug|Any CPU
		{77BE21A2-3AF7-478A-8279-3C741BF3BD59}.Debug|Mixed Platforms.Build.0 = Debug|Any CPU
		{77BE21A2-3AF7-478A-8279-3C741BF3BD59}.Debug|x86.ActiveCfg = Debug|x86
		{77BE21A2-3AF7-478A-8279-3C741BF3BD59}.Debug|x86.Build.0 = Debug|x86
		{77BE21A2-3AF7-478A-8279-3C741BF3BD59}.Release|Any CPU.ActiveCfg = Release|Any CPU
		{77BE21A2-3AF7-478A-8279-3C741BF3BD59}.Release|Any CPU.Build.0 = Release|Any CPU
		{77BE21A2-3AF7-478A-8279-3C741BF3BD59}.Release|Mixed Platforms.ActiveCfg = Release|Any CPU
		{77BE21A2-3AF7-478A-8279-3C741BF3BD59}.Release|Mixed Platforms.Build.0 = Release|Any CPU
		{77BE21A2-3AF7-478A-8279-3C741BF3BD59}.Release|x86.ActiveCfg = Release|x86
		{77BE21A2-3AF7-478A-8279-3C741BF3BD59}.Release|x86.Build.0 = Release|x86
		{ABB4C403-720A-47E1-9485-CFAADD696656}.Debug|Any CPU.ActiveCfg = Debug|Any CPU
		{ABB4C403-720A-47E1-9485-CFAADD696656}.Debug|Any CPU.Build.0 = Debug|Any CPU
		{ABB4C403-720A-47E1-9485-CFAADD696656}.Debug|Mixed Platforms.ActiveCfg = Debug|Any CPU
		{ABB4C403-720A-47E1-9485-CFAADD696656}.Debug|Mixed Platforms.Build.0 = Debug|Any CPU
		{ABB4C403-720A-47E1-9485-CFAADD696656}.Debug|x86.ActiveCfg = Debug|Any CPU
		{ABB4C403-720A-47E1-9485-CFAADD696656}.Release|Any CPU.ActiveCfg = Release|Any CPU
		{ABB4C403-720A-47E1-9485-CFAADD696656}.Release|Any CPU.Build.0 = Release|Any CPU
		{ABB4C403-720A-47E1-9485-CFAADD696656}.Release|Mixed Platforms.ActiveCfg = Release|Any CPU
		{ABB4C403-720A-47E1-9485-CFAADD696656}.Release|Mixed Platforms.Build.0 = Release|Any CPU
		{ABB4C403-720A-47E1-9485-CFAADD696656}.Release|x86.ActiveCfg = Release|Any CPU
		{6797ED88-1D8C-491B-A036-4C42C4BF2EAF}.Debug|Any CPU.ActiveCfg = Debug|Any CPU
		{6797ED88-1D8C-491B-A036-4C42C4BF2EAF}.Debug|Any CPU.Build.0 = Debug|Any CPU
		{6797ED88-1D8C-491B-A036-4C42C4BF2EAF}.Debug|Mixed Platforms.ActiveCfg = Debug|Any CPU
		{6797ED88-1D8C-491B-A036-4C42C4BF2EAF}.Debug|Mixed Platforms.Build.0 = Debug|Any CPU
		{6797ED88-1D8C-491B-A036-4C42C4BF2EAF}.Debug|x86.ActiveCfg = Debug|Any CPU
		{6797ED88-1D8C-491B-A036-4C42C4BF2EAF}.Release|Any CPU.ActiveCfg = Release|Any CPU
		{6797ED88-1D8C-491B-A036-4C42C4BF2EAF}.Release|Any CPU.Build.0 = Release|Any CPU
		{6797ED88-1D8C-491B-A036-4C42C4BF2EAF}.Release|Mixed Platforms.ActiveCfg = Release|Any CPU
		{6797ED88-1D8C-491B-A036-4C42C4BF2EAF}.Release|Mixed Platforms.Build.0 = Release|Any CPU
		{6797ED88-1D8C-491B-A036-4C42C4BF2EAF}.Release|x86.ActiveCfg = Release|Any CPU
		{FD98FB58-A3E5-4D32-B6D6-3E20609C4D09}.Debug|Any CPU.ActiveCfg = Debug|Any CPU
		{FD98FB58-A3E5-4D32-B6D6-3E20609C4D09}.Debug|Any CPU.Build.0 = Debug|Any CPU
		{FD98FB58-A3E5-4D32-B6D6-3E20609C4D09}.Debug|Mixed Platforms.ActiveCfg = Debug|Any CPU
		{FD98FB58-A3E5-4D32-B6D6-3E20609C4D09}.Debug|Mixed Platforms.Build.0 = Debug|Any CPU
		{FD98FB58-A3E5-4D32-B6D6-3E20609C4D09}.Debug|x86.ActiveCfg = Debug|Any CPU
		{FD98FB58-A3E5-4D32-B6D6-3E20609C4D09}.Release|Any CPU.ActiveCfg = Release|Any CPU
		{FD98FB58-A3E5-4D32-B6D6-3E20609C4D09}.Release|Any CPU.Build.0 = Release|Any CPU
		{FD98FB58-A3E5-4D32-B6D6-3E20609C4D09}.Release|Mixed Platforms.ActiveCfg = Release|Any CPU
		{FD98FB58-A3E5-4D32-B6D6-3E20609C4D09}.Release|Mixed Platforms.Build.0 = Release|Any CPU
		{FD98FB58-A3E5-4D32-B6D6-3E20609C4D09}.Release|x86.ActiveCfg = Release|Any CPU
		{5460DB30-CFD9-4EDB-A1E8-161A7CC505C5}.Debug|Any CPU.ActiveCfg = Debug|Any CPU
		{5460DB30-CFD9-4EDB-A1E8-161A7CC505C5}.Debug|Any CPU.Build.0 = Debug|Any CPU
		{5460DB30-CFD9-4EDB-A1E8-161A7CC505C5}.Debug|Mixed Platforms.ActiveCfg = Debug|Any CPU
		{5460DB30-CFD9-4EDB-A1E8-161A7CC505C5}.Debug|Mixed Platforms.Build.0 = Debug|Any CPU
		{5460DB30-CFD9-4EDB-A1E8-161A7CC505C5}.Debug|x86.ActiveCfg = Debug|Any CPU
		{5460DB30-CFD9-4EDB-A1E8-161A7CC505C5}.Release|Any CPU.ActiveCfg = Release|Any CPU
		{5460DB30-CFD9-4EDB-A1E8-161A7CC505C5}.Release|Any CPU.Build.0 = Release|Any CPU
		{5460DB30-CFD9-4EDB-A1E8-161A7CC505C5}.Release|Mixed Platforms.ActiveCfg = Release|Any CPU
		{5460DB30-CFD9-4EDB-A1E8-161A7CC505C5}.Release|Mixed Platforms.Build.0 = Release|Any CPU
		{5460DB30-CFD9-4EDB-A1E8-161A7CC505C5}.Release|x86.ActiveCfg = Release|Any CPU
		{D9E54B0E-9E09-4E53-95FD-4161F9D61914}.Debug|Any CPU.ActiveCfg = Debug|Any CPU
		{D9E54B0E-9E09-4E53-95FD-4161F9D61914}.Debug|Any CPU.Build.0 = Debug|Any CPU
		{D9E54B0E-9E09-4E53-95FD-4161F9D61914}.Debug|Mixed Platforms.ActiveCfg = Debug|Any CPU
		{D9E54B0E-9E09-4E53-95FD-4161F9D61914}.Debug|Mixed Platforms.Build.0 = Debug|Any CPU
		{D9E54B0E-9E09-4E53-95FD-4161F9D61914}.Debug|x86.ActiveCfg = Debug|Any CPU
		{D9E54B0E-9E09-4E53-95FD-4161F9D61914}.Release|Any CPU.ActiveCfg = Release|Any CPU
		{D9E54B0E-9E09-4E53-95FD-4161F9D61914}.Release|Any CPU.Build.0 = Release|Any CPU
		{D9E54B0E-9E09-4E53-95FD-4161F9D61914}.Release|Mixed Platforms.ActiveCfg = Release|Any CPU
		{D9E54B0E-9E09-4E53-95FD-4161F9D61914}.Release|Mixed Platforms.Build.0 = Release|Any CPU
		{D9E54B0E-9E09-4E53-95FD-4161F9D61914}.Release|x86.ActiveCfg = Release|Any CPU
		{68566FE0-6428-4FEF-B6EE-CC56B1FFA82A}.Debug|Any CPU.ActiveCfg = Debug|Any CPU
		{68566FE0-6428-4FEF-B6EE-CC56B1FFA82A}.Debug|Any CPU.Build.0 = Debug|Any CPU
		{68566FE0-6428-4FEF-B6EE-CC56B1FFA82A}.Debug|Mixed Platforms.ActiveCfg = Debug|Any CPU
		{68566FE0-6428-4FEF-B6EE-CC56B1FFA82A}.Debug|Mixed Platforms.Build.0 = Debug|Any CPU
		{68566FE0-6428-4FEF-B6EE-CC56B1FFA82A}.Debug|x86.ActiveCfg = Debug|Any CPU
		{68566FE0-6428-4FEF-B6EE-CC56B1FFA82A}.Release|Any CPU.ActiveCfg = Release|Any CPU
		{68566FE0-6428-4FEF-B6EE-CC56B1FFA82A}.Release|Any CPU.Build.0 = Release|Any CPU
		{68566FE0-6428-4FEF-B6EE-CC56B1FFA82A}.Release|Mixed Platforms.ActiveCfg = Release|Any CPU
		{68566FE0-6428-4FEF-B6EE-CC56B1FFA82A}.Release|Mixed Platforms.Build.0 = Release|Any CPU
		{68566FE0-6428-4FEF-B6EE-CC56B1FFA82A}.Release|x86.ActiveCfg = Release|Any CPU
		{AADA04EE-F578-4628-8AE0-D423BB94C738}.Debug|Any CPU.ActiveCfg = Debug|Any CPU
		{AADA04EE-F578-4628-8AE0-D423BB94C738}.Debug|Any CPU.Build.0 = Debug|Any CPU
		{AADA04EE-F578-4628-8AE0-D423BB94C738}.Debug|Mixed Platforms.ActiveCfg = Debug|Any CPU
		{AADA04EE-F578-4628-8AE0-D423BB94C738}.Debug|Mixed Platforms.Build.0 = Debug|Any CPU
		{AADA04EE-F578-4628-8AE0-D423BB94C738}.Debug|x86.ActiveCfg = Debug|Any CPU
		{AADA04EE-F578-4628-8AE0-D423BB94C738}.Release|Any CPU.ActiveCfg = Release|Any CPU
		{AADA04EE-F578-4628-8AE0-D423BB94C738}.Release|Any CPU.Build.0 = Release|Any CPU
		{AADA04EE-F578-4628-8AE0-D423BB94C738}.Release|Mixed Platforms.ActiveCfg = Release|Any CPU
		{AADA04EE-F578-4628-8AE0-D423BB94C738}.Release|Mixed Platforms.Build.0 = Release|Any CPU
		{AADA04EE-F578-4628-8AE0-D423BB94C738}.Release|x86.ActiveCfg = Release|Any CPU
		{E7744E98-575F-4183-B3B9-9B491C053C18}.Debug|Any CPU.ActiveCfg = Debug|Any CPU
		{E7744E98-575F-4183-B3B9-9B491C053C18}.Debug|Any CPU.Build.0 = Debug|Any CPU
		{E7744E98-575F-4183-B3B9-9B491C053C18}.Debug|Mixed Platforms.ActiveCfg = Debug|Any CPU
		{E7744E98-575F-4183-B3B9-9B491C053C18}.Debug|Mixed Platforms.Build.0 = Debug|Any CPU
		{E7744E98-575F-4183-B3B9-9B491C053C18}.Debug|x86.ActiveCfg = Debug|Any CPU
		{E7744E98-575F-4183-B3B9-9B491C053C18}.Release|Any CPU.ActiveCfg = Release|Any CPU
		{E7744E98-575F-4183-B3B9-9B491C053C18}.Release|Any CPU.Build.0 = Release|Any CPU
		{E7744E98-575F-4183-B3B9-9B491C053C18}.Release|Mixed Platforms.ActiveCfg = Release|Any CPU
		{E7744E98-575F-4183-B3B9-9B491C053C18}.Release|Mixed Platforms.Build.0 = Release|Any CPU
		{E7744E98-575F-4183-B3B9-9B491C053C18}.Release|x86.ActiveCfg = Release|Any CPU
		{230E9AC1-5F46-415F-BA1E-B21B502C96E4}.Debug|Any CPU.ActiveCfg = Debug|x86
		{230E9AC1-5F46-415F-BA1E-B21B502C96E4}.Debug|Mixed Platforms.ActiveCfg = Debug|x86
		{230E9AC1-5F46-415F-BA1E-B21B502C96E4}.Debug|Mixed Platforms.Build.0 = Debug|x86
		{230E9AC1-5F46-415F-BA1E-B21B502C96E4}.Debug|x86.ActiveCfg = Debug|x86
		{230E9AC1-5F46-415F-BA1E-B21B502C96E4}.Debug|x86.Build.0 = Debug|x86
		{230E9AC1-5F46-415F-BA1E-B21B502C96E4}.Release|Any CPU.ActiveCfg = Release|x86
		{230E9AC1-5F46-415F-BA1E-B21B502C96E4}.Release|Mixed Platforms.ActiveCfg = Release|x86
		{230E9AC1-5F46-415F-BA1E-B21B502C96E4}.Release|Mixed Platforms.Build.0 = Release|x86
		{230E9AC1-5F46-415F-BA1E-B21B502C96E4}.Release|x86.ActiveCfg = Release|x86
		{230E9AC1-5F46-415F-BA1E-B21B502C96E4}.Release|x86.Build.0 = Release|x86
	EndGlobalSection
	GlobalSection(SolutionProperties) = preSolution
		HideSolutionNode = FALSE
	EndGlobalSection
	GlobalSection(NestedProjects) = preSolution
		{2939F058-FEE3-4142-BF45-8672DCFD4C11} = {2C0C403F-4604-4DA8-8A2E-C593288D5D57}
		{8FA54973-7055-4E53-9BE2-9326DB062BEE} = {2C0C403F-4604-4DA8-8A2E-C593288D5D57}
		{4039B7D0-F8E5-49D8-A770-133DBED2EA75} = {2939F058-FEE3-4142-BF45-8672DCFD4C11}
		{ABB4C403-720A-47E1-9485-CFAADD696656} = {2939F058-FEE3-4142-BF45-8672DCFD4C11}
		{6797ED88-1D8C-491B-A036-4C42C4BF2EAF} = {2939F058-FEE3-4142-BF45-8672DCFD4C11}
		{FD98FB58-A3E5-4D32-B6D6-3E20609C4D09} = {2939F058-FEE3-4142-BF45-8672DCFD4C11}
		{5460DB30-CFD9-4EDB-A1E8-161A7CC505C5} = {2939F058-FEE3-4142-BF45-8672DCFD4C11}
		{AADA04EE-F578-4628-8AE0-D423BB94C738} = {2939F058-FEE3-4142-BF45-8672DCFD4C11}
		{77BE21A2-3AF7-478A-8279-3C741BF3BD59} = {8FA54973-7055-4E53-9BE2-9326DB062BEE}
		{66A6B425-4D46-4BF6-A6A2-E71D7E5B0502} = {D3BA5B7E-66A6-4881-8BE5-50909394F85D}
		{E7744E98-575F-4183-B3B9-9B491C053C18} = {66A6B425-4D46-4BF6-A6A2-E71D7E5B0502}
		{0F7A3033-0385-493B-8DDD-CD70DF048987} = {A868B388-B6B5-4678-9D5B-C479C0D7444F}
		{3FB297F7-C4DD-4458-8550-6AA123E14315} = {A868B388-B6B5-4678-9D5B-C479C0D7444F}
		{D9E54B0E-9E09-4E53-95FD-4161F9D61914} = {0F7A3033-0385-493B-8DDD-CD70DF048987}
		{68566FE0-6428-4FEF-B6EE-CC56B1FFA82A} = {3FB297F7-C4DD-4458-8550-6AA123E14315}
		{230E9AC1-5F46-415F-BA1E-B21B502C96E4} = {012FDE1C-D75E-4FBA-9CA7-9D797561CF6B}
	EndGlobalSection
EndGlobal
